
Microsoft Visual Studio Solution File, Format Version 12.00
# Visual Studio Version 17
VisualStudioVersion = 17.9.34622.214
MinimumVisualStudioVersion = 10.0.40219.1
Project("{FAE04EC0-301F-11D3-BF4B-00C04F79EFBC}") = "Zadatak2", "Zadatak2\Zadatak2.csproj", "{7FCA3E0E-D835-4C82-BE4D-CFB0306B3996}"
EndProject
Global
	GlobalSection(SolutionConfigurationPlatforms) = preSolution
		Debug|Any CPU = Debug|Any CPU
		Release|Any CPU = Release|Any CPU
	EndGlobalSection
	GlobalSection(ProjectConfigurationPlatforms) = postSolution
		{7FCA3E0E-D835-4C82-BE4D-CFB0306B3996}.Debug|Any CPU.ActiveCfg = Debug|Any CPU
		{7FCA3E0E-D835-4C82-BE4D-CFB0306B3996}.Debug|Any CPU.Build.0 = Debug|Any CPU
		{7FCA3E0E-D835-4C82-BE4D-CFB0306B3996}.Release|Any CPU.ActiveCfg = Release|Any CPU
		{7FCA3E0E-D835-4C82-BE4D-CFB0306B3996}.Release|Any CPU.Build.0 = Release|Any CPU
	EndGlobalSection
	GlobalSection(SolutionProperties) = preSolution
		HideSolutionNode = FALSE
	EndGlobalSection
	GlobalSection(ExtensibilityGlobals) = postSolution
		SolutionGuid = {32D05986-1867-4286-9EB3-20DD5DCC937A}
	EndGlobalSection
EndGlobal
